PODS:
  - DITACollectionView (1.0.1)

DEPENDENCIES:
  - DITACollectionView (from `../`)

EXTERNAL SOURCES:
  DITACollectionView:
    :path: "../"

SPEC CHECKSUMS:
  DITACollectionView: d6313fb713a1c5493622d91946522ca80a2c3fe9

PODFILE CHECKSUM: 887be99a411fb20d166338b8414e3ea17ed12951

COCOAPODS: 1.8.4
